version = 1
revision = 3
requires-python = ">=3.4"
resolution-markers = [
    "python_full_version >= '3.9'",
    "python_full_version == '3.8.*'",
    "python_full_version == '3.7.*'",
    "python_full_version == '3.6.*'",
    "python_full_version == '3.5.*'",
    "python_full_version < '3.5'",
]

[[package]]
name = "magiccollection"
version = "0.8.118"
source = { virtual = "." }
dependencies = [
    { name = "pygobject", version = "3.36.1", source = { registry = "https://pypi.org/simple" }, marker = "python_full_version < '3.5'" },
    { name = "pygobject", version = "3.38.0", source = { registry = "https://pypi.org/simple" }, marker = "python_full_version == '3.5.*'" },
    { name = "pygobject", version = "3.42.2", source = { registry = "https://pypi.org/simple" }, marker = "python_full_version == '3.6.*'" },
    { name = "pygobject", version = "3.44.2", source = { registry = "https://pypi.org/simple" }, marker = "python_full_version == '3.7.*'" },
    { name = "pygobject", version = "3.48.2", source = { registry = "https://pypi.org/simple" }, marker = "python_full_version == '3.8.*'" },
    { name = "pygobject", version = "3.50.1", source = { registry = "https://pypi.org/simple" }, marker = "python_full_version >= '3.9'" },
]

[package.metadata]
requires-dist = [{ name = "pygobject", specifier = "<3.51" }]

[[package]]
name = "pycairo"
version = "1.18.2"
source = { registry = "https://pypi.org/simple" }
resolution-markers = [
    "python_full_version < '3.5'",
]
sdist = { url = "https://files.pythonhosted.org/packages/3c/1a/c0478ecab31baae50fda9956547788afbd0ca563adc52c9b03cab30f17eb/pycairo-1.18.2.tar.gz", hash = "sha256:dcb853fd020729516e8828ad364084e752327d4cff8505d20b13504b32b16531", size = 200462, upload-time = "2019-10-24T20:27:24.862Z" }

[[package]]
name = "pycairo"
version = "1.19.1"
source = { registry = "https://pypi.org/simple" }
resolution-markers = [
    "python_full_version == '3.5.*'",
]
sdist = { url = "https://files.pythonhosted.org/packages/e8/9d/c8be300fc6b1298559d37a071c3833b0b251e0fff334d2e4c408d5789162/pycairo-1.19.1.tar.gz", hash = "sha256:2c143183280feb67f5beb4e543fd49990c28e7df427301ede04fc550d3562e84", size = 205196, upload-time = "2020-02-16T17:05:00.532Z" }

[[package]]
name = "pycairo"
version = "1.20.1"
source = { registry = "https://pypi.org/simple" }
resolution-markers = [
    "python_full_version == '3.6.*'",
]
sdist = { url = "https://files.pythonhosted.org/packages/bc/3f/64e6e066d163fbcf13213f9eeda0fc83376243335ea46a66cefd70d62e8f/pycairo-1.20.1.tar.gz", hash = "sha256:1ee72b035b21a475e1ed648e26541b04e5d7e753d75ca79de8c583b25785531b", size = 344639, upload-time = "2021-06-03T17:32:58.432Z" }
wheels = [
    { url = "https://files.pythonhosted.org/packages/40/dc/a584ba160d3396cbd7d4987f6f0aa9efcae78985953c17b977ec85486390/pycairo-1.20.1-cp310-cp310-win32.whl", hash = "sha256:736ffc618e851601e861a630293e5c910ef016b83b2d035a336f83a367bf56ab", size = 1097497, upload-time = "2021-06-03T17:33:18.734Z" },
    { url = "https://files.pythonhosted.org/packages/a9/f7/dcc310cbdaa4c7b5c83231de047fc12f9ada0bd75e8da34f110dd9e9a8d2/pycairo-1.20.1-cp310-cp310-win_amd64.whl", hash = "sha256:261c69850d4b2ec03346c9745bad2a835bb8124e4c6961b8ceac503d744eb3b3", size = 1241565, upload-time = "2021-06-03T17:33:22.051Z" },
    { url = "https://files.pythonhosted.org/packages/9b/59/b85904ded680ab15313c09da33232e1293b70d2e0935678b6f5111f8a8cb/pycairo-1.20.1-cp36-cp36m-win32.whl", hash = "sha256:6db823a18e7be1eb2a29c28961f2f01e84d3b449f06be7338d05ac8f90592cd5", size = 1096697, upload-time = "2021-06-03T17:33:24.866Z" },
    { url = "https://files.pythonhosted.org/packages/e8/ac/d987db5443c16dfb28b7e8cc57d35826e5a1ae5122e2cae4e3e834853c51/pycairo-1.20.1-cp36-cp36m-win_amd64.whl", hash = "sha256:5525da2d8de912750dd157752aa96f1f0a42a437c5625e85b14c936b5c6305ae", size = 1240538, upload-time = "2021-06-03T17:33:27.704Z" },
    { url = "https://files.pythonhosted.org/packages/18/98/2c88e7e4860835510ef927a8cb443f663b6fbfc8c2ae0f8822aa94e21d3d/pycairo-1.20.1-cp37-cp37m-win32.whl", hash = "sha256:c8c2bb933974d91c5d19e54b846d964de177e7bf33433bf34ac34c85f9b30e94", size = 1096703, upload-time = "2021-06-03T17:33:30.064Z" },
    { url = "https://files.pythonhosted.org/packages/98/ab/cc71e76b8ea14abaed84e046e03e121d2b13d3b873f8f6ee4c09f626af63/pycairo-1.20.1-cp37-cp37m-win_amd64.whl", hash = "sha256:9a32e4a3574a104aa876c35d5e71485dfd6986b18d045534c6ec510c44d5d6a7", size = 1240538, upload-time = "2021-06-03T17:33:32.646Z" },
    { url = "https://files.pythonhosted.org/packages/2e/3f/b3aed8a1c29ece83a35c325c33078ae8dc4df4f162e1e6c3a0a2c05ab0ba/pycairo-1.20.1-cp38-cp38-win32.whl", hash = "sha256:0d7a6754d410d911a46f00396bee4be96500ccd3d178e7e98aef1140e3dd67ae", size = 1097244, upload-time = "2021-06-03T17:33:34.937Z" },
    { url = "https://files.pythonhosted.org/packages/42/5a/49529130a5a56a81ce740a8759ba3f7769d966d4279a257ed3dcba497a8a/pycairo-1.20.1-cp38-cp38-win_amd64.whl", hash = "sha256:b605151cdd23cedb31855b8666371b6e26b80f02753a52c8b8023a916b1df812", size = 1241237, upload-time = "2021-06-03T17:33:36.858Z" },
    { url = "https://files.pythonhosted.org/packages/29/cb/e87b48d8b394ee37ce387ff18e0bc5977c0190ca4e4147ee9d42457696c5/pycairo-1.20.1-cp39-cp39-win32.whl", hash = "sha256:e800486b51fffeb11ed867b4f2220d446e2a60a81a73b7c377123e0cbb72f49d", size = 1097642, upload-time = "2021-06-03T17:33:38.842Z" },
    { url = "https://files.pythonhosted.org/packages/52/e6/cfa26e78704acbd3fffe682f60652b2b4a767b5fcdd11568fca08209d9db/pycairo-1.20.1-cp39-cp39-win_amd64.whl", hash = "sha256:f123d3818e30b77b7209d70a6dcfd5b4e34885f9fa539d92dd7ff3e4e2037213", size = 1241969, upload-time = "2021-06-03T17:33:41.02Z" },
]

[[package]]
name = "pycairo"
version = "1.23.0"
source = { registry = "https://pypi.org/simple" }
resolution-markers = [
    "python_full_version == '3.7.*'",
]
sdist = { url = "https://files.pythonhosted.org/packages/69/ca/9e9fa2e8be0876a9bbf046a1be7ee33e61d4fdfbd1fd25c76c1bdfddf8c4/pycairo-1.23.0.tar.gz", hash = "sha256:9b61ac818723adc04367301317eb2e814a83522f07bbd1f409af0dada463c44c", size = 344623, upload-time = "2022-11-28T17:28:56.371Z" }
wheels = [
    { url = "https://files.pythonhosted.org/packages/fb/90/80edc354cda5adc555d29052587d572074bb929cd2a5d1381fb83d3aac2d/pycairo-1.23.0-cp310-cp310-win32.whl", hash = "sha256:564601e5f528531c6caec1c0177c3d0709081e1a2a5cccc13561f715080ae535", size = 1049589, upload-time = "2022-11-28T17:28:32.476Z" },
    { url = "https://files.pythonhosted.org/packages/5b/50/c3512f7b1158ceb688d5982aa4ca00cb2c863276954f136d66997308cf5b/pycairo-1.23.0-cp310-cp310-win_amd64.whl", hash = "sha256:e7cde633986435d87a86b6118b7b6109c384266fd719ef959883e2729f6eafae", size = 1193805, upload-time = "2022-11-28T17:28:35.186Z" },
    { url = "https://files.pythonhosted.org/packages/22/c2/66614071e19d82763b2bb8de6260ea96b88d53c65cd8d90f1502b85d9fa7/pycairo-1.23.0-cp311-cp311-win32.whl", hash = "sha256:3a71f758e461180d241e62ef52e85499c843bd2660fd6d87cec99c9833792bfa", size = 1049594, upload-time = "2022-11-28T17:28:37.18Z" },
    { url = "https://files.pythonhosted.org/packages/a6/90/d56b9f827324bbd28f9ca5ff242215a132cabc0e07f64fd69cf48daffe1b/pycairo-1.23.0-cp311-cp311-win_amd64.whl", hash = "sha256:2dec5378133778961993fb59d66df16070e03f4d491b67eb695ca9ad7a696008", size = 1193807, upload-time = "2022-11-28T17:28:39.78Z" },
    { url = "https://files.pythonhosted.org/packages/d2/f3/390c7730777e5fc1bc1a2da3ba02de95e7cc254a335889c3da7386d6e6e3/pycairo-1.23.0-cp37-cp37m-win32.whl", hash = "sha256:d6bacff15d688ed135b4567965a4b664d9fb8de7417a7865bb138ad612043c9f", size = 1049537, upload-time = "2022-11-28T17:28:42.297Z" },
    { url = "https://files.pythonhosted.org/packages/28/2e/a08b0dd51bcd9ddd536ad4d133ffa1850f98072cca858b385dc116944867/pycairo-1.23.0-cp37-cp37m-win_amd64.whl", hash = "sha256:ec305fc7f2f0299df78aadec0eaf6eb9accb90eda242b5d3492544d3f2b28027", size = 1194052, upload-time = "2022-11-28T17:28:45.003Z" },
    { url = "https://files.pythonhosted.org/packages/3b/64/7841f74b66de97c2527dc937a35356dfd09b44da791ec16e44e326a0cb52/pycairo-1.23.0-cp38-cp38-win32.whl", hash = "sha256:1a6d8e0f353062ad92954784e33dbbaf66c880c9c30e947996c542ed9748aaaf", size = 1049841, upload-time = "2022-11-28T17:28:47.203Z" },
    { url = "https://files.pythonhosted.org/packages/81/f7/b795802efb84bde14d0143a13843972360d776736a88228edabab1043251/pycairo-1.23.0-cp38-cp38-win_amd64.whl", hash = "sha256:82e335774a17870bc038e0c2fb106c1e5e7ad0c764662023886dfcfce5bb5a52", size = 1194511, upload-time = "2022-11-28T17:28:49.073Z" },
    { url = "https://files.pythonhosted.org/packages/b8/0d/8b485c72ee464c533be1f4502b19fe420f6a491c421ccb42aeae6fd7ebaf/pycairo-1.23.0-cp39-cp39-win32.whl", hash = "sha256:a4b1f525bbdf637c40f4d91378de36c01ec2b7f8ecc585b700a079b9ff83298e", size = 1049740, upload-time = "2022-11-28T17:28:51.382Z" },
    { url = "https://files.pythonhosted.org/packages/fc/93/4ca3bdda700d33ae6f1dd7213f82905775450c2259e593fd444f6e443f34/pycairo-1.23.0-cp39-cp39-win_amd64.whl", hash = "sha256:87efd62a7b7afad9a0a420f05b6008742a6cfc59077697be65afe8dc73ae15ad", size = 1194494, upload-time = "2022-11-28T17:28:54.272Z" },
]

[[package]]
name = "pycairo"
version = "1.26.1"
source = { registry = "https://pypi.org/simple" }
resolution-markers = [
    "python_full_version == '3.8.*'",
]
sdist = { url = "https://files.pythonhosted.org/packages/19/4f/0d48a017090d4527e921d6892bc550ae869902e67859fc960f8fe63a9094/pycairo-1.26.1.tar.gz", hash = "sha256:a11b999ce55b798dbf13516ab038e0ce8b6ec299b208d7c4e767a6f7e68e8430", size = 346882, upload-time = "2024-06-21T10:37:41.527Z" }
wheels = [
    { url = "https://files.pythonhosted.org/packages/49/13/6279ce219c5735880af7a0b97d3041f106eebf8e7527aad3e4df4e2fcf6d/pycairo-1.26.1-cp310-cp310-win32.whl", hash = "sha256:b93b9e3072826a346f1f79cb1becc403d1ba4a3971cad61d144db0fe6dcb6be8", size = 766503, upload-time = "2024-06-21T10:37:05.819Z" },
    { url = "https://files.pythonhosted.org/packages/32/ec/cf8510f556ce950546216738cdbee631e917ad6734b5cd84f9204756f708/pycairo-1.26.1-cp310-cp310-win_amd64.whl", hash = "sha256:acfc76924ed668d8fea50f6cc6097b9a57ef6cd3dc3f2fa20814380d639a6dd2", size = 861880, upload-time = "2024-06-21T10:37:10.404Z" },
    { url = "https://files.pythonhosted.org/packages/8c/3b/a0d007048dd550afc3394bc7d80f6ddd1fa9c8d2d12b75aab651f604dba1/pycairo-1.26.1-cp310-cp310-win_arm64.whl", hash = "sha256:067191315c3b4d09cad1ec57cdb8fc1d72e2574e89389c268a94f22d4fa98b5f", size = 675603, upload-time = "2024-06-21T10:37:13.292Z" },
    { url = "https://files.pythonhosted.org/packages/b7/25/7ef228b6436423a606c03044e65f9d7066179e0d3d7e3648979c7899ce9e/pycairo-1.26.1-cp311-cp311-win32.whl", hash = "sha256:56a29623aa7b4adbde5024c61ff001455b5a3def79e512742ea45ab36c3fe24b", size = 766504, upload-time = "2024-06-21T10:37:16.09Z" },
    { url = "https://files.pythonhosted.org/packages/2d/54/fa4f1749b572853f537214bb01b6601b0eba7a9857b3a660e939b1959f4b/pycairo-1.26.1-cp311-cp311-win_amd64.whl", hash = "sha256:8d2889e03a095de5da9e68a589b691a3ada09d60ef18b5fc1b1b99f2a7794297", size = 861879, upload-time = "2024-06-21T10:37:18.802Z" },
    { url = "https://files.pythonhosted.org/packages/6d/e5/e33bdb7a6cf7a86f994fc5950793b79dfd090b4302301daa62e5e7285bd6/pycairo-1.26.1-cp311-cp311-win_arm64.whl", hash = "sha256:7a307111de345304ed8eadd7f81ebd7fb1fc711224aa314a4e8e33af7dfa3d27", size = 675602, upload-time = "2024-06-21T10:37:20.904Z" },
    { url = "https://files.pythonhosted.org/packages/e0/b8/6b92544a90444fc97ea903798bc533e043b2d4653cb2a679d220978741c6/pycairo-1.26.1-cp312-cp312-win32.whl", hash = "sha256:5cc1808e9e30ccd0f4d84ba7700db5aab5673f8b6b901760369ebb88a0823436", size = 766911, upload-time = "2024-06-21T10:37:23.118Z" },
    { url = "https://files.pythonhosted.org/packages/60/18/9d1bfe0c0ff23c65f04001d62d358e56fba11bbc1a86587aabc93f1809ba/pycairo-1.26.1-cp312-cp312-win_amd64.whl", hash = "sha256:36131a726f568b2dbc5e78ff50fbaa379e69db00614d46d66b1e4289caf9b1ce", size = 862105, upload-time = "2024-06-21T10:37:25.7Z" },
    { url = "https://files.pythonhosted.org/packages/f6/71/f21682a17ed0e23d2545a2de39a6f30255868cd81c5f78505640af75f8d3/pycairo-1.26.1-cp312-cp312-win_arm64.whl", hash = "sha256:5577b51543ea4c283c15f436d891e9eaf6fd43fe74882adb032fba2c271f3fe9", size = 675512, upload-time = "2024-06-21T10:37:27.831Z" },
    { url = "https://files.pythonhosted.org/packages/02/00/b72beb131c320fdb23cea8e20cb4a5b38acc6510c2890877a74cdcea484d/pycairo-1.26.1-cp38-cp38-win32.whl", hash = "sha256:27ec7b42c58af35dc11352881262dce4254378b0f11be0959d1c13edb4539d2c", size = 766848, upload-time = "2024-06-21T10:37:30.034Z" },
    { url = "https://files.pythonhosted.org/packages/09/34/619273df157e839e6754ce2ba44bf95522b5b200e2be0fb9c8106329ca46/pycairo-1.26.1-cp38-cp38-win_amd64.whl", hash = "sha256:27357994d277b3fd10a45e9ef58f80a4cb5e3291fe76c5edd58d2d06335eb8e7", size = 862458, upload-time = "2024-06-21T10:37:32.92Z" },
    { url = "https://files.pythonhosted.org/packages/58/3f/9ddd32ef2ca7af25392df6cc01b8d536f2c6de56a28fd2b3e33eb99a51b2/pycairo-1.26.1-cp39-cp39-win32.whl", hash = "sha256:e68300d1c2196d1d34de3432885ae9ff78e10426fa16f765742a11c6f8fe0a71", size = 766767, upload-time = "2024-06-21T10:37:34.827Z" },
    { url = "https://files.pythonhosted.org/packages/97/72/afe8c322fb58fc66f10061f94d74440c40b9a11c7896c6c47f0fdc5a8556/pycairo-1.26.1-cp39-cp39-win_amd64.whl", hash = "sha256:ce049930e294c29b53c68dcaab3df97cc5de7eb1d3d8e8a9f5c77e7164cd6e85", size = 862456, upload-time = "2024-06-21T10:37:37.068Z" },
    { url = "https://files.pythonhosted.org/packages/70/01/0dd13ad12dc840bcbdf313ce5f3658ba8599c33cab87188fa355aafe1a09/pycairo-1.26.1-cp39-cp39-win_arm64.whl", hash = "sha256:22e1db531d4ed3167a98f0ea165bfa2a30df9d6eb22361c38158c031065999a4", size = 675865, upload-time = "2024-06-21T10:37:38.967Z" },
]

[[package]]
name = "pycairo"
version = "1.28.0"
source = { registry = "https://pypi.org/simple" }
resolution-markers = [
    "python_full_version >= '3.9'",
]
sdist = { url = "https://files.pythonhosted.org/packages/40/d9/412da520de9052b7e80bfc810ec10f5cb3dbfa4aa3e23c2820dc61cdb3d0/pycairo-1.28.0.tar.gz", hash = "sha256:26ec5c6126781eb167089a123919f87baa2740da2cca9098be8b3a6b91cc5fbc", size = 662477, upload-time = "2025-04-14T20:11:08.218Z" }
wheels = [
    { url = "https://files.pythonhosted.org/packages/3e/67/6e5d6328c6037f0479017f51e97f5cbb79a68ed6e93f671dac17cb47bf2e/pycairo-1.28.0-cp310-cp310-win32.whl", hash = "sha256:53e6dbc98456f789965dad49ef89ce2c62f9a10fc96c8d084e14da0ffb73d8a6", size = 750438, upload-time = "2025-04-14T20:10:43.722Z" },
    { url = "https://files.pythonhosted.org/packages/00/79/e941186c2275333643504f57711b157ba17e81a2be805346585ad7fd382e/pycairo-1.28.0-cp310-cp310-win_amd64.whl", hash = "sha256:c8ab91a75025f984bc327ada335c787efb61c929ea0512063793cb36cee503d4", size = 841526, upload-time = "2025-04-14T20:10:45.557Z" },
    { url = "https://files.pythonhosted.org/packages/84/4b/3495baabd3c830bf80bf112a0e645342bfe8f3fc05ed6423444adf62d496/pycairo-1.28.0-cp310-cp310-win_arm64.whl", hash = "sha256:e955328c1a5147bf71ee94e206413ce15e12630296a79788fcd246c80e5337b8", size = 691866, upload-time = "2025-04-16T19:30:17.73Z" },
    { url = "https://files.pythonhosted.org/packages/c9/94/47d75f4eaac865f32e0550ed42869f8b3c4036f8e2b1e6163e9548f4d44f/pycairo-1.28.0-cp311-cp311-win32.whl", hash = "sha256:0fee15f5d72b13ba5fd065860312493dc1bca6ff2dce200ee9d704e11c94e60a", size = 750441, upload-time = "2025-04-14T20:10:48.311Z" },
    { url = "https://files.pythonhosted.org/packages/aa/02/1169a2917b043998585f9dd0f36da618947fdf9b6cc0e9ff9852aa4d548b/pycairo-1.28.0-cp311-cp311-win_amd64.whl", hash = "sha256:6339979bfec8b58a06476094a9a5c104bd5a99932ddaff16ca0d9203d2f4482c", size = 841536, upload-time = "2025-04-14T20:10:51.112Z" },
    { url = "https://files.pythonhosted.org/packages/eb/99/13031086fb4d4ea71568d9ce74e03afbb2e18047f1e6b4e8674851f0414f/pycairo-1.28.0-cp311-cp311-win_arm64.whl", hash = "sha256:c6ae15392e28ebfc0b35d8dc05d395d3b6be4bad9ad4caecf0fa12c8e7150225", size = 691895, upload-time = "2025-04-16T19:30:20.724Z" },
    { url = "https://files.pythonhosted.org/packages/a9/d7/206d7945aac5c6c889e7fea4011410d1311455a1d8dfce66106d8d700b7f/pycairo-1.28.0-cp312-cp312-win32.whl", hash = "sha256:c00cfbb7f30eb7ca1d48886712932e2d91e8835a8496f4e423878296ceba573e", size = 750594, upload-time = "2025-04-14T20:10:53.72Z" },
    { url = "https://files.pythonhosted.org/packages/2e/ba/259fc9a4d3afdad1e5b9db52b9d8a5df67f70dd787167185e8ec8a1af007/pycairo-1.28.0-cp312-cp312-win_amd64.whl", hash = "sha256:d50d190f5033992b55050b9f337ee42a45c3568445d5e5d7987bab96c278d8a6", size = 841767, upload-time = "2025-04-14T20:10:56.711Z" },
    { url = "https://files.pythonhosted.org/packages/c0/08/aa0903612ea0e8686ad6af58d4fb9cbab8ee0b0831201cddf7abd578d045/pycairo-1.28.0-cp312-cp312-win_arm64.whl", hash = "sha256:957e0340ee1c279d197d4f7cfa96f6d8b48e453eec711fca999748d752468ff4", size = 691687, upload-time = "2025-04-16T19:30:23.729Z" },
    { url = "https://files.pythonhosted.org/packages/59/a7/c3e5ed55781dfe1b31eb4a2482aeae707671f3d36b0ea53a1722f4a3dfe9/pycairo-1.28.0-cp313-cp313-win32.whl", hash = "sha256:d13352429d8a08a1cb3607767d23d2fb32e4c4f9faa642155383980ec1478c24", size = 750594, upload-time = "2025-04-14T20:10:59.284Z" },
    { url = "https://files.pythonhosted.org/packages/8b/1c/ebadd290748aff3b6bc35431114d41e7a42f40a4b988c2aaf2dfed5d8156/pycairo-1.28.0-cp313-cp313-win_amd64.whl", hash = "sha256:082aef6b3a9dcc328fa648d38ed6b0a31c863e903ead57dd184b2e5f86790140", size = 841774, upload-time = "2025-04-14T20:11:01.79Z" },
    { url = "https://files.pythonhosted.org/packages/3e/ce/a3f5f1946613cd8a4654322b878c59f273c6e9b01dfadadd3f609070e0b9/pycairo-1.28.0-cp313-cp313-win_arm64.whl", hash = "sha256:026afd53b75291917a7412d9fe46dcfbaa0c028febd46ff1132d44a53ac2c8b6", size = 691675, upload-time = "2025-04-16T19:30:26.565Z" },
    { url = "https://files.pythonhosted.org/packages/96/1b/1f5da2b2e44b33a5b269ff28af710b0a7903001d9cf8a40d00fc944a5092/pycairo-1.28.0-cp314-cp314-win32.whl", hash = "sha256:d0ab30585f536101ad6f09052fc3895e2a437ba57531ea07223d0e076248025d", size = 766699, upload-time = "2025-07-24T06:36:07.267Z" },
    { url = "https://files.pythonhosted.org/packages/c9/91/1d5f18bd3ed469b1de8f83bfbf8bd67d23439f075151b66740fd35356190/pycairo-1.28.0-cp314-cp314-win_amd64.whl", hash = "sha256:94f2ed204999ab95a0671a0fa948ffbb9f3d6fb8731fe787917f6d022d9c1c0f", size = 868725, upload-time = "2025-07-24T06:36:09.597Z" },
    { url = "https://files.pythonhosted.org/packages/79/0e/476ffe64b309672aa4012897d91a2bda7e5b2eb43504bbff48be03e5055c/pycairo-1.28.0-cp39-cp39-win32.whl", hash = "sha256:3ed16d48b8a79cc584cb1cb0ad62dfb265f2dda6d6a19ef5aab181693e19c83c", size = 750680, upload-time = "2025-04-14T20:11:04.197Z" },
    { url = "https://files.pythonhosted.org/packages/f4/77/872e843993bb152f93e970f0807ee08b5a496116ad8eadfa0a1590452111/pycairo-1.28.0-cp39-cp39-win_amd64.whl", hash = "sha256:da0d1e6d4842eed4d52779222c6e43d254244a486ca9fdab14e30042fd5bdf28", size = 842157, upload-time = "2025-04-14T20:11:05.981Z" },
    { url = "https://files.pythonhosted.org/packages/a8/c5/fce33dbb973c5ee7606167056502a70eb316350c41c7656e5739a5f9e490/pycairo-1.28.0-cp39-cp39-win_arm64.whl", hash = "sha256:458877513eb2125513122e8aa9c938630e94bb0574f94f4fb5ab55eb23d6e9ac", size = 691902, upload-time = "2025-04-16T19:30:28.615Z" },
]

[[package]]
name = "pygobject"
version = "3.36.1"
source = { registry = "https://pypi.org/simple" }
resolution-markers = [
    "python_full_version < '3.5'",
]
dependencies = [
    { name = "pycairo", version = "1.18.2", source = { registry = "https://pypi.org/simple" }, marker = "python_full_version < '3.5'" },
]
sdist = { url = "https://files.pythonhosted.org/packages/93/41/bf9ab8929f51dac2979ae81bb094728bacee3ceb049def72d3fc1bcb4241/PyGObject-3.36.1.tar.gz", hash = "sha256:012a589aec687bfa809a1ff9f5cd775dc7f6fcec1a6bc7fe88e1002a68f8ba34", size = 716016, upload-time = "2020-05-06T16:47:01.579Z" }

[[package]]
name = "pygobject"
version = "3.38.0"
source = { registry = "https://pypi.org/simple" }
resolution-markers = [
    "python_full_version == '3.5.*'",
]
dependencies = [
    { name = "pycairo", version = "1.19.1", source = { registry = "https://pypi.org/simple" }, marker = "python_full_version == '3.5.*'" },
]
sdist = { url = "https://files.pythonhosted.org/packages/3a/a7/de282a4aaedba59d60a895a7821e6497b39cbdfa94a352776ff45ffc6e6f/PyGObject-3.38.0.tar.gz", hash = "sha256:051b950f509f2e9f125add96c1493bde987c527f7a0c15a1f7b69d6d1c3cd8e6", size = 712302, upload-time = "2020-09-12T17:57:19.832Z" }

[[package]]
name = "pygobject"
version = "3.42.2"
source = { registry = "https://pypi.org/simple" }
resolution-markers = [
    "python_full_version == '3.6.*'",
]
dependencies = [
    { name = "pycairo", version = "1.20.1", source = { registry = "https://pypi.org/simple" }, marker = "python_full_version == '3.6.*'" },
]
sdist = { url = "https://files.pythonhosted.org/packages/fe/40/9afaeb8d3b453fb8596fcb6c7bc2b64e434868c91eda19955742778eff74/PyGObject-3.42.2.tar.gz", hash = "sha256:21524cef33100c8fd59dc135948b703d79d303e368ce71fa60521cc971cd8aa7", size = 719534, upload-time = "2022-07-16T17:55:22.118Z" }

[[package]]
name = "pygobject"
version = "3.44.2"
source = { registry = "https://pypi.org/simple" }
resolution-markers = [
    "python_full_version == '3.7.*'",
]
dependencies = [
    { name = "pycairo", version = "1.23.0", source = { registry = "https://pypi.org/simple" }, marker = "python_full_version == '3.7.*'" },
]
sdist = { url = "https://files.pythonhosted.org/packages/5a/be/ed2ce6f5aca81deab12a165affa3220ae0393e0089c7ed67e4193030de07/PyGObject-3.44.2.tar.gz", hash = "sha256:a30ef88b8786f2be1dc46b78d8fba8fe3a8a7666ffa1de2681f95890a80e5ad2", size = 721845, upload-time = "2023-09-29T11:01:48.712Z" }

[[package]]
name = "pygobject"
version = "3.48.2"
source = { registry = "https://pypi.org/simple" }
resolution-markers = [
    "python_full_version == '3.8.*'",
]
dependencies = [
    { name = "pycairo", version = "1.26.1", source = { registry = "https://pypi.org/simple" }, marker = "python_full_version == '3.8.*'" },
]
sdist = { url = "https://files.pythonhosted.org/packages/f9/9e/6bab1ed3bd878f0912d9a0600c21f3d88bab0e8a8d4c3ce50f5cf336faaf/pygobject-3.48.2.tar.gz", hash = "sha256:c3c0a7afbe5b2c1c64dc0530109b4dd571085153dbedfbccb8ec7c5ad233f977", size = 715243, upload-time = "2024-04-06T07:20:44.474Z" }

[[package]]
name = "pygobject"
version = "3.50.1"
source = { registry = "https://pypi.org/simple" }
resolution-markers = [
    "python_full_version >= '3.9'",
]
dependencies = [
    { name = "pycairo", version = "1.28.0", source = { registry = "https://pypi.org/simple" }, marker = "python_full_version >= '3.9'" },
]
sdist = { url = "https://files.pythonhosted.org/packages/71/eb/53106840011df907781891a4968a35cfde42aef0e80f74c060367402a468/pygobject-3.50.1.tar.gz", hash = "sha256:a4df4e7adef7f4f01685a763d138eac9396585bfc68a7d31bbe4fbca2de0d7cb", size = 1081846, upload-time = "2025-05-25T14:53:01.761Z" }
